Microsoft Visual Studio Solution File, Format Version 11.00
# Visual Studio 2008

Project("{35663036-0952-AE84-138B-720FD1D5E3BF}") = "October 20", "Assembly-CSharp-firstpass-vs.csproj", "{2296A909-1FC1-B897-0D6A-A6769B36394D}"
EndProject
Project("{35663036-0952-AE84-138B-720FD1D5E3BF}") = "October 20", "Assembly-CSharp-vs.csproj", "{CA9A2091-8C52-097C-10DC-3AE16127EE48}"
EndProject
Global
	GlobalSection(SolutionConfigurationPlatforms) = preSolution
		Debug|Any CPU = Debug|Any CPU
		Release|Any CPU = Release|Any CPU
	EndGlobalSection
	GlobalSection(ProjectConfigurationPlatforms) = postSolution
		{2296A909-1FC1-B897-0D6A-A6769B36394D}.Debug|Any CPU.ActiveCfg = Debug|Any CPU
		{2296A909-1FC1-B897-0D6A-A6769B36394D}.Debug|Any CPU.Build.0 = Debug|Any CPU
		{2296A909-1FC1-B897-0D6A-A6769B36394D}.Release|Any CPU.ActiveCfg = Release|Any CPU
		{2296A909-1FC1-B897-0D6A-A6769B36394D}.Release|Any CPU.Build.0 = Release|Any CPU
		{CA9A2091-8C52-097C-10DC-3AE16127EE48}.Debug|Any CPU.ActiveCfg = Debug|Any CPU
		{CA9A2091-8C52-097C-10DC-3AE16127EE48}.Debug|Any CPU.Build.0 = Debug|Any CPU
		{CA9A2091-8C52-097C-10DC-3AE16127EE48}.Release|Any CPU.ActiveCfg = Release|Any CPU
		{CA9A2091-8C52-097C-10DC-3AE16127EE48}.Release|Any CPU.Build.0 = Release|Any CPU
	EndGlobalSection
	GlobalSection(SolutionProperties) = preSolution
		HideSolutionNode = FALSE
	EndGlobalSection
																																								GlobalSection(MonoDevelopProperties) = preSolution
		StartupItem = Assembly-CSharp.csproj
		Policies = $0
		$0.TextStylePolicy = $1
		$1.inheritsSet = null
		$1.scope = text/x-csharp
		$0.CSharpFormattingPolicy = $2
		$2.inheritsSet = Mono
		$2.inheritsScope = text/x-csharp
		$2.scope = text/x-csharp
		$0.TextStylePolicy = $3
		$3.FileWidth = 120
		$3.TabWidth = 4
		$3.EolMarker = Unix
		$3.inheritsSet = Mono
		$3.inheritsScope = text/plain
		$3.scope = text/plain
	EndGlobalSection

EndGlobal
